// !$*UTF8*$!
{
	archiveVersion = 1;
	classes = {
	};
	objectVersion = 56;
	objects = {

/* Begin PBXBuildFile section */
		B62E60A12A82F93800B3D2EB /* SwiftUIBetaApp.swift in Sources */ = {isa = PBXBuildFile; fileRef = B62E60A02A82F93800B3D2EB /* SwiftUIBetaApp.swift */; };
		B62E60A32A82F93800B3D2EB /* ContentView.swift in Sources */ = {isa = PBXBuildFile; fileRef = B62E60A22A82F93800B3D2EB /* ContentView.swift */; };
		B62E60A52A82F93900B3D2EB /* Assets.xcassets in Resources */ = {isa = PBXBuildFile; fileRef = B62E60A42A82F93900B3D2EB /* Assets.xcassets */; };
		B62E60A82A82F93900B3D2EB /* Preview Assets.xcassets in Resources */ = {isa = PBXBuildFile; fileRef = B62E60A72A82F93900B3D2EB /* Preview Assets.xcassets */; };
		B62E60B22A82F93900B3D2EB /* SwiftUIBetaTests.swift in Sources */ = {isa = PBXBuildFile; fileRef = B62E60B12A82F93900B3D2EB /* SwiftUIBetaTests.swift */; };
		B62E60BC2A82F93900B3D2EB /* SwiftUIBetaUITests.swift in Sources */ = {isa = PBXBuildFile; fileRef = B62E60BB2A82F93900B3D2EB /* SwiftUIBetaUITests.swift */; };
		B62E60BE2A82F93900B3D2EB /* SwiftUIBetaUITestsLaunchTests.swift in Sources */ = {isa = PBXBuildFile; fileRef = B62E60BD2A82F93900B3D2EB /* SwiftUIBetaUITestsLaunchTests.swift */; };
/* End PBXBuildFile section */

/* Begin PBXContainerItemProxy section */
		B62E60AE2A82F93900B3D2EB /* PBXContainerItemProxy */ = {
			isa = PBXContainerItemProxy;
			containerPortal = B62E60952A82F93800B3D2EB /* Project object */;
			proxyType = 1;
			remoteGlobalIDString = B62E609C2A82F93800B3D2EB;
			remoteInfo = SwiftUIBeta;
		};
		B62E60B82A82F93900B3D2EB /* PBXContainerItemProxy */ = {
			isa = PBXContainerItemProxy;
			containerPortal = B62E60952A82F93800B3D2EB /* Project object */;
			proxyType = 1;
			remoteGlobalIDString = B62E609C2A82F93800B3D2EB;
			remoteInfo = SwiftUIBeta;
		};
/* End PBXContainerItemProxy section */

/* Begin PBXFileReference section */
		B62E609D2A82F93800B3D2EB /* SwiftUIBeta.app */ = {isa = PBXFileReference; explicitFileType = wrapper.application; includeInIndex = 0; path = SwiftUIBeta.app; sourceTree = BUILT_PRODUCTS_DIR; };
		B62E60A02A82F93800B3D2EB /* SwiftUIBetaApp.swift */ = {isa = PBXFileReference; lastKnownFileType = sourcecode.swift; path = SwiftUIBetaApp.swift; sourceTree = "<group>"; };
		B62E60A22A82F93800B3D2EB /* ContentView.swift */ = {isa = PBXFileReference; lastKnownFileType = sourcecode.swift; path = ContentView.swift; sourceTree = "<group>"; };
		B62E60A42A82F93900B3D2EB /* Assets.xcassets */ = {isa = PBXFileReference; lastKnownFileType = folder.assetcatalog; path = Assets.xcassets; sourceTree = "<group>"; };
		B62E60A72A82F93900B3D2EB /* Preview Assets.xcassets */ = {isa = PBXFileReference; lastKnownFileType = folder.assetcatalog; path = "Preview Assets.xcassets"; sourceTree = "<group>"; };
		B62E60AD2A82F93900B3D2EB /* SwiftUIBetaTests.xctest */ = {isa = PBXFileReference; explicitFileType = wrapper.cfbundle; includeInIndex = 0; path = SwiftUIBetaTests.xctest; sourceTree = BUILT_PRODUCTS_DIR; };
		B62E60B12A82F93900B3D2EB /* SwiftUIBetaTests.swift */ = {isa = PBXFileReference; lastKnownFileType = sourcecode.swift; path = SwiftUIBetaTests.swift; sourceTree = "<group>"; };
		B62E60B72A82F93900B3D2EB /* SwiftUIBetaUITests.xctest */ = {isa = PBXFileReference; explicitFileType = wrapper.cfbundle; includeInIndex = 0; path = SwiftUIBetaUITests.xctest; sourceTree = BUILT_PRODUCTS_DIR; };
		B62E60BB2A82F93900B3D2EB /* SwiftUIBetaUITests.swift */ = {isa = PBXFileReference; lastKnownFileType = sourcecode.swift; path = SwiftUIBetaUITests.swift; sourceTree = "<group>"; };
		B62E60BD2A82F93900B3D2EB /* SwiftUIBetaUITestsLaunchTests.swift */ = {isa = PBXFileReference; lastKnownFileType = sourcecode.swift; path = SwiftUIBetaUITestsLaunchTests.swift; sourceTree = "<group>"; };
/* End PBXFileReference section */

/* Begin PBXFrameworksBuildPhase section */
		B62E609A2A82F93800B3D2EB /* Frameworks */ = {
			isa = PBXFrameworksBuildPhase;
			buildActionMask = 2147483647;
			files = (
			);
			runOnlyForDeploymentPostprocessing = 0;
		};
		B62E60AA2A82F93900B3D2EB /* Frameworks */ = {
			isa = PBXFrameworksBuildPhase;
			buildActionMask = 2147483647;
			files = (
			);
			runOnlyForDeploymentPostprocessing = 0;
		};
		B62E60B42A82F93900B3D2EB /* Frameworks */ = {
			isa = PBXFrameworksBuildPhase;
			buildActionMask = 2147483647;
			files = (
			);
			runOnlyForDeploymentPostprocessing = 0;
		};
/* End PBXFrameworksBuildPhase section */

/* Begin PBXGroup section */
		B62E60942A82F93800B3D2EB = {
			isa = PBXGroup;
			children = (
				B62E609F2A82F93800B3D2EB /* SwiftUIBeta */,
				B62E60B02A82F93900B3D2EB /* SwiftUIBetaTests */,
				B62E60BA2A82F93900B3D2EB /* SwiftUIBetaUITests */,
				B62E609E2A82F93800B3D2EB /* Products */,
			);
			sourceTree = "<group>";
		};
		B62E609E2A82F93800B3D2EB /* Products */ = {
			isa = PBXGroup;
			children = (
				B62E609D2A82F93800B3D2EB /* SwiftUIBeta.app */,
				B62E60AD2A82F93900B3D2EB /* SwiftUIBetaTests.xctest */,
				B62E60B72A82F93900B3D2EB /* SwiftUIBetaUITests.xctest */,
			);
			name = Products;
			sourceTree = "<group>";
		};
		B62E609F2A82F93800B3D2EB /* SwiftUIBeta */ = {
			isa = PBXGroup;
			children = (
				B62E60A02A82F93800B3D2EB /* SwiftUIBetaApp.swift */,
				B62E60A22A82F93800B3D2EB /* ContentView.swift */,
				B62E60A42A82F93900B3D2EB /* Assets.xcassets */,
				B62E60A62A82F93900B3D2EB /* Preview Content */,
			);
			path = SwiftUIBeta;
			sourceTree = "<group>";
		};
		B62E60A62A82F93900B3D2EB /* Preview Content */ = {
			isa = PBXGroup;
			children = (
				B62E60A72A82F93900B3D2EB /* Preview Assets.xcassets */,
			);
			path = "Preview Content";
			sourceTree = "<group>";
		};
		B62E60B02A82F93900B3D2EB /* SwiftUIBetaTests */ = {
			isa = PBXGroup;
			children = (
				B62E60B12A82F93900B3D2EB /* SwiftUIBetaTests.swift */,
			);
			path = SwiftUIBetaTests;
			sourceTree = "<group>";
		};
		B62E60BA2A82F93900B3D2EB /* SwiftUIBetaUITests */ = {
			isa = PBXGroup;
			children = (
				B62E60BB2A82F93900B3D2EB /* SwiftUIBetaUITests.swift */,
				B62E60BD2A82F93900B3D2EB /* SwiftUIBetaUITestsLaunchTests.swift */,
			);
			path = SwiftUIBetaUITests;
			sourceTree = "<group>";
		};
/* End PBXGroup section */

/* Begin PBXNativeTarget section */
		B62E609C2A82F93800B3D2EB /* SwiftUIBeta */ = {
			isa = PBXNativeTarget;
			buildConfigurationList = B62E60C12A82F93900B3D2EB /* Build configuration list for PBXNativeTarget "SwiftUIBeta" */;
			buildPhases = (
				B62E60992A82F93800B3D2EB /* Sources */,
				B62E609A2A82F93800B3D2EB /* Frameworks */,
				B62E609B2A82F93800B3D2EB /* Resources */,
			);
			buildRules = (
			);
			dependencies = (
			);
			name = SwiftUIBeta;
			productName = SwiftUIBeta;
			productReference = B62E609D2A82F93800B3D2EB /* SwiftUIBeta.app */;
			productType = "com.apple.product-type.application";
		};
		B62E60AC2A82F93900B3D2EB /* SwiftUIBetaTests */ = {
			isa = PBXNativeTarget;
			buildConfigurationList = B62E60C42A82F93900B3D2EB /* Build configuration list for PBXNativeTarget "SwiftUIBetaTests" */;
			buildPhases = (
				B62E60A92A82F93900B3D2EB /* Sources */,
				B62E60AA2A82F93900B3D2EB /* Frameworks */,
				B62E60AB2A82F93900B3D2EB /* Resources */,
			);
			buildRules = (
			);
			dependencies = (
				B62E60AF2A82F93900B3D2EB /* PBXTargetDependency */,
			);
			name = SwiftUIBetaTests;
			productName = SwiftUIBetaTests;
			productReference = B62E60AD2A82F93900B3D2EB /* SwiftUIBetaTests.xctest */;
			productType = "com.apple.product-type.bundle.unit-test";
		};
		B62E60B62A82F93900B3D2EB /* SwiftUIBetaUITests */ = {
			isa = PBXNativeTarget;
			buildConfigurationList = B62E60C72A82F93900B3D2EB /* Build configuration list for PBXNativeTarget "SwiftUIBetaUITests" */;
			buildPhases = (
				B62E60B32A82F93900B3D2EB /* Sources */,
				B62E60B42A82F93900B3D2EB /* Frameworks */,
				B62E60B52A82F93900B3D2EB /* Resources */,
			);
			buildRules = (
			);
			dependencies = (
				B62E60B92A82F93900B3D2EB /* PBXTargetDependency */,
			);
			name = SwiftUIBetaUITests;
			productName = SwiftUIBetaUITests;
			productReference = B62E60B72A82F93900B3D2EB /* SwiftUIBetaUITests.xctest */;
			productType = "com.apple.product-type.bundle.ui-testing";
		};
/* End PBXNativeTarget section */

/* Begin PBXProject section */
		B62E60952A82F93800B3D2EB /* Project object */ = {
			isa = PBXProject;
			attributes = {
				BuildIndependentTargetsInParallel = 1;
				LastSwiftUpdateCheck = 1430;
				LastUpgradeCheck = 1430;
				TargetAttributes = {
					B62E609C2A82F93800B3D2EB = {
						CreatedOnToolsVersion = 14.3.1;
					};
					B62E60AC2A82F93900B3D2EB = {
						CreatedOnToolsVersion = 14.3.1;
						TestTargetID = B62E609C2A82F93800B3D2EB;
					};
					B62E60B62A82F93900B3D2EB = {
						CreatedOnToolsVersion = 14.3.1;
						TestTargetID = B62E609C2A82F93800B3D2EB;
					};
				};
			};
			buildConfigurationList = B62E60982A82F93800B3D2EB /* Build configuration list for PBXProject "SwiftUIBeta" */;
			compatibilityVersion = "Xcode 14.0";
			developmentRegion = en;
			hasScannedForEncodings = 0;
			knownRegions = (
				en,
				Base,
			);
			mainGroup = B62E60942A82F93800B3D2EB;
			productRefGroup = B62E609E2A82F93800B3D2EB /* Products */;
			projectDirPath = "";
			projectRoot = "";
			targets = (
				B62E609C2A82F93800B3D2EB /* SwiftUIBeta */,
				B62E60AC2A82F93900B3D2EB /* SwiftUIBetaTests */,
				B62E60B62A82F93900B3D2EB /* SwiftUIBetaUITests */,
			);
		};
/* End PBXProject section */

/* Begin PBXResourcesBuildPhase section */
		B62E609B2A82F93800B3D2EB /* Resources */ = {
			isa = PBXResourcesBuildPhase;
			buildActionMask = 2147483647;
			files = (
				B62E60A82A82F93900B3D2EB /* Preview Assets.xcassets in Resources */,
				B62E60A52A82F93900B3D2EB /* Assets.xcassets in Resources */,
			);
			runOnlyForDeploymentPostprocessing = 0;
		};
		B62E60AB2A82F93900B3D2EB /* Resources */ = {
			isa = PBXResourcesBuildPhase;
			buildActionMask = 2147483647;
			files = (
			);
			runOnlyForDeploymentPostprocessing = 0;
		};
		B62E60B52A82F93900B3D2EB /* Resources */ = {
			isa = PBXResourcesBuildPhase;
			buildActionMask = 2147483647;
			files = (
			);
			runOnlyForDeploymentPostprocessing = 0;
		};
/* End PBXResourcesBuildPhase section */

/* Begin PBXSourcesBuildPhase section */
		B62E60992A82F93800B3D2EB /* Sources */ = {
			isa = PBXSourcesBuildPhase;
			buildActionMask = 2147483647;
			files = (
				B62E60A32A82F93800B3D2EB /* ContentView.swift in Sources */,
				B62E60A12A82F93800B3D2EB /* SwiftUIBetaApp.swift in Sources */,
			);
			runOnlyForDeploymentPostprocessing = 0;
		};
		B62E60A92A82F93900B3D2EB /* Sources */ = {
			isa = PBXSourcesBuildPhase;
			buildActionMask = 2147483647;
			files = (
				B62E60B22A82F93900B3D2EB /* SwiftUIBetaTests.swift in Sources */,
			);
			runOnlyForDeploymentPostprocessing = 0;
		};
		B62E60B32A82F93900B3D2EB /* Sources */ = {
			isa = PBXSourcesBuildPhase;
			buildActionMask = 2147483647;
			files = (
				B62E60BE2A82F93900B3D2EB /* SwiftUIBetaUITestsLaunchTests.swift in Sources */,
				B62E60BC2A82F93900B3D2EB /* SwiftUIBetaUITests.swift in Sources */,
			);
			runOnlyForDeploymentPostprocessing = 0;
		};
/* End PBXSourcesBuildPhase section */

/* Begin PBXTargetDependency section */
		B62E60AF2A82F93900B3D2EB /* PBXTargetDependency */ = {
			isa = PBXTargetDependency;
			target = B62E609C2A82F93800B3D2EB /* SwiftUIBeta */;
			targetProxy = B62E60AE2A82F93900B3D2EB /* PBXContainerItemProxy */;
		};
		B62E60B92A82F93900B3D2EB /* PBXTargetDependency */ = {
			isa = PBXTargetDependency;
			target = B62E609C2A82F93800B3D2EB /* SwiftUIBeta */;
			targetProxy = B62E60B82A82F93900B3D2EB /* PBXContainerItemProxy */;
		};
/* End PBXTargetDependency section */

/* Begin XCBuildConfiguration section */
		B62E60BF2A82F93900B3D2EB /* Debug */ = {
			isa = XCBuildConfiguration;
			buildSettings = {
				ALWAYS_SEARCH_USER_PATHS = NO;
				CLANG_ANALYZER_NONNULL = YES;
				CLANG_ANALYZER_NUMBER_OBJECT_CONVERSION = YES_AGGRESSIVE;
				CLANG_CXX_LANGUAGE_STANDARD = "gnu++20";
				CLANG_ENABLE_MODULES = YES;
				CLANG_ENABLE_OBJC_ARC = YES;
				CLANG_ENABLE_OBJC_WEAK = YES;
				CLANG_WARN_BLOCK_CAPTURE_AUTORELEASING = YES;
				CLANG_WARN_BOOL_CONVERSION = YES;
				CLANG_WARN_COMMA = YES;
				CLANG_WARN_CONSTANT_CONVERSION = YES;
				CLANG_WARN_DEPRECATED_OBJC_IMPLEMENTATIONS = YES;
				CLANG_WARN_DIRECT_OBJC_ISA_USAGE = YES_ERROR;
				CLANG_WARN_DOCUMENTATION_COMMENTS = YES;
				CLANG_WARN_EMPTY_BODY = YES;
				CLANG_WARN_ENUM_CONVERSION = YES;
				CLANG_WARN_INFINITE_RECURSION = YES;
				CLANG_WARN_INT_CONVERSION = YES;
				CLANG_WARN_NON_LITERAL_NULL_CONVERSION = YES;
				CLANG_WARN_OBJC_IMPLICIT_RETAIN_SELF = YES;
				CLANG_WARN_OBJC_LITERAL_CONVERSION = YES;
				CLANG_WARN_OBJC_ROOT_CLASS = YES_ERROR;
				CLANG_WARN_QUOTED_INCLUDE_IN_FRAMEWORK_HEADER = YES;
				CLANG_WARN_RANGE_LOOP_ANALYSIS = YES;
				CLANG_WARN_STRICT_PROTOTYPES = YES;
				CLANG_WARN_SUSPICIOUS_MOVE = YES;
				CLANG_WARN_UNGUARDED_AVAILABILITY = YES_AGGRESSIVE;
				CLANG_WARN_UNREACHABLE_CODE = YES;
				CLANG_WARN__DUPLICATE_METHOD_MATCH = YES;
				COPY_PHASE_STRIP = NO;
				DEBUG_INFORMATION_FORMAT = dwarf;
				ENABLE_STRICT_OBJC_MSGSEND = YES;
				ENABLE_TESTABILITY = YES;
				GCC_C_LANGUAGE_STANDARD = gnu11;
				GCC_DYNAMIC_NO_PIC = NO;
				GCC_NO_COMMON_BLOCKS = YES;
				GCC_OPTIMIZATION_LEVEL = 0;
				GCC_PREPROCESSOR_DEFINITIONS = (
					"DEBUG=1",
					"$(inherited)",
				);
				GCC_WARN_64_TO_32_BIT_CONVERSION = YES;
				GCC_WARN_ABOUT_RETURN_TYPE = YES_ERROR;
				GCC_WARN_UNDECLARED_SELECTOR = YES;
				GCC_WARN_UNINITIALIZED_AUTOS = YES_AGGRESSIVE;
				GCC_WARN_UNUSED_FUNCTION = YES;
				GCC_WARN_UNUSED_VARIABLE = YES;
				IPHONEOS_DEPLOYMENT_TARGET = 16.4;
				MTL_ENABLE_DEBUG_INFO = INCLUDE_SOURCE;
				MTL_FAST_MATH = YES;
				ONLY_ACTIVE_ARCH = YES;
				SDKROOT = iphoneos;
				SWIFT_ACTIVE_COMPILATION_CONDITIONS = DEBUG;
				SWIFT_OPTIMIZATION_LEVEL = "-Onone";
			};
			name = Debug;
		};
		B62E60C02A82F93900B3D2EB /* Release */ = {
			isa = XCBuildConfiguration;
			buildSettings = {
				ALWAYS_SEARCH_USER_PATHS = NO;
				CLANG_ANALYZER_NONNULL = YES;
				CLANG_ANALYZER_NUMBER_OBJECT_CONVERSION = YES_AGGRESSIVE;
				CLANG_CXX_LANGUAGE_STANDARD = "gnu++20";
				CLANG_ENABLE_MODULES = YES;
				CLANG_ENABLE_OBJC_ARC = YES;
				CLANG_ENABLE_OBJC_WEAK = YES;
				CLANG_WARN_BLOCK_CAPTURE_AUTORELEASING = YES;
				CLANG_WARN_BOOL_CONVERSION = YES;
				CLANG_WARN_COMMA = YES;
				CLANG_WARN_CONSTANT_CONVERSION = YES;
				CLANG_WARN_DEPRECATED_OBJC_IMPLEMENTATIONS = YES;
				CLANG_WARN_DIRECT_OBJC_ISA_USAGE = YES_ERROR;
				CLANG_WARN_DOCUMENTATION_COMMENTS = YES;
				CLANG_WARN_EMPTY_BODY = YES;
				CLANG_WARN_ENUM_CONVERSION = YES;
				CLANG_WARN_INFINITE_RECURSION = YES;
				CLANG_WARN_INT_CONVERSION = YES;
				CLANG_WARN_NON_LITERAL_NULL_CONVERSION = YES;
				CLANG_WARN_OBJC_IMPLICIT_RETAIN_SELF = YES;
				CLANG_WARN_OBJC_LITERAL_CONVERSION = YES;
				CLANG_WARN_OBJC_ROOT_CLASS = YES_ERROR;
				CLANG_WARN_QUOTED_INCLUDE_IN_FRAMEWORK_HEADER = YES;
				CLANG_WARN_RANGE_LOOP_ANALYSIS = YES;
				CLANG_WARN_STRICT_PROTOTYPES = YES;
				CLANG_WARN_SUSPICIOUS_MOVE = YES;
				CLANG_WARN_UNGUARDED_AVAILABILITY = YES_AGGRESSIVE;
				CLANG_WARN_UNREACHABLE_CODE = YES;
				CLANG_WARN__DUPLICATE_METHOD_MATCH = YES;
				COPY_PHASE_STRIP = NO;
				DEBUG_INFORMATION_FORMAT = "dwarf-with-dsym";
				ENABLE_NS_ASSERTIONS = NO;
				ENABLE_STRICT_OBJC_MSGSEND = YES;
				GCC_C_LANGUAGE_STANDARD = gnu11;
				GCC_NO_COMMON_BLOCKS = YES;
				GCC_WARN_64_TO_32_BIT_CONVERSION = YES;
				GCC_WARN_ABOUT_RETURN_TYPE = YES_ERROR;
				GCC_WARN_UNDECLARED_SELECTOR = YES;
				GCC_WARN_UNINITIALIZED_AUTOS = YES_AGGRESSIVE;
				GCC_WARN_UNUSED_FUNCTION = YES;
				GCC_WARN_UNUSED_VARIABLE = YES;
				IPHONEOS_DEPLOYMENT_TARGET = 16.4;
				MTL_ENABLE_DEBUG_INFO = NO;
				MTL_FAST_MATH = YES;
				SDKROOT = iphoneos;
				SWIFT_COMPILATION_MODE = wholemodule;
				SWIFT_OPTIMIZATION_LEVEL = "-O";
				VALIDATE_PRODUCT = YES;
			};
			name = Release;
		};
		B62E60C22A82F93900B3D2EB /* Debug */ = {
			isa = XCBuildConfiguration;
			buildSettings = {
				ASSETCATALOG_COMPILER_APPICON_NAME = AppIcon;
				ASSETCATALOG_COMPILER_GLOBAL_ACCENT_COLOR_NAME = AccentColor;
				CODE_SIGN_STYLE = Automatic;
				CURRENT_PROJECT_VERSION = 1;
				DEVELOPMENT_ASSET_PATHS = "\"SwiftUIBeta/Preview Content\"";
				ENABLE_PREVIEWS = YES;
				GENERATE_INFOPLIST_FILE = YES;
				INFOPLIST_KEY_UIApplicationSceneManifest_Generation = YES;
				INFOPLIST_KEY_UIApplicationSupportsIndirectInputEvents = YES;
				INFOPLIST_KEY_UILaunchScreen_Generation = YES;
				INFOPLIST_KEY_UISupportedInterfaceOrientations_iPad = "UIInterfaceOrientationPortrait UIInterfaceOrientationPortraitUpsideDown UIInterfaceOrientationLandscapeLeft UIInterfaceOrientationLandscapeRight";
				INFOPLIST_KEY_UISupportedInterfaceOrientations_iPhone = "UIInterfaceOrientationPortrait UIInterfaceOrientationLandscapeLeft UIInterfaceOrientationLandscapeRight";
				IPHONEOS_DEPLOYMENT_TARGET = 16.4;
				LD_RUNPATH_SEARCH_PATHS = (
					"$(inherited)",
					"@executable_path/Frameworks",
				);
				MARKETING_VERSION = 1.0;
				PRODUCT_BUNDLE_IDENTIFIER = com.jenniferdiaz.SwiftUIBeta;
				PRODUCT_NAME = "$(TARGET_NAME)";
				SWIFT_EMIT_LOC_STRINGS = YES;
				SWIFT_VERSION = 5.0;
				TARGETED_DEVICE_FAMILY = "1,2";
			};
			name = Debug;
		};
		B62E60C32A82F93900B3D2EB /* Release */ = {
			isa = XCBuildConfiguration;
			buildSettings = {
				ASSETCATALOG_COMPILER_APPICON_NAME = AppIcon;
				ASSETCATALOG_COMPILER_GLOBAL_ACCENT_COLOR_NAME = AccentColor;
				CODE_SIGN_STYLE = Automatic;
				CURRENT_PROJECT_VERSION = 1;
				DEVELOPMENT_ASSET_PATHS = "\"SwiftUIBeta/Preview Content\"";
				ENABLE_PREVIEWS = YES;
				GENERATE_INFOPLIST_FILE = YES;
				INFOPLIST_KEY_UIApplicationSceneManifest_Generation = YES;
				INFOPLIST_KEY_UIApplicationSupportsIndirectInputEvents = YES;
				INFOPLIST_KEY_UILaunchScreen_Generation = YES;
				INFOPLIST_KEY_UISupportedInterfaceOrientations_iPad = "UIInterfaceOrientationPortrait UIInterfaceOrientationPortraitUpsideDown UIInterfaceOrientationLandscapeLeft UIInterfaceOrientationLandscapeRight";
				INFOPLIST_KEY_UISupportedInterfaceOrientations_iPhone = "UIInterfaceOrientationPortrait UIInterfaceOrientationLandscapeLeft UIInterfaceOrientationLandscapeRight";
				IPHONEOS_DEPLOYMENT_TARGET = 16.4;
				LD_RUNPATH_SEARCH_PATHS = (
					"$(inherited)",
					"@executable_path/Frameworks",
				);
				MARKETING_VERSION = 1.0;
				PRODUCT_BUNDLE_IDENTIFIER = com.jenniferdiaz.SwiftUIBeta;
				PRODUCT_NAME = "$(TARGET_NAME)";
				SWIFT_EMIT_LOC_STRINGS = YES;
				SWIFT_VERSION = 5.0;
				TARGETED_DEVICE_FAMILY = "1,2";
			};
			name = Release;
		};
		B62E60C52A82F93900B3D2EB /* Debug */ = {
			isa = XCBuildConfiguration;
			buildSettings = {
				ALWAYS_EMBED_SWIFT_STANDARD_LIBRARIES = YES;
				BUNDLE_LOADER = "$(TEST_HOST)";
				CODE_SIGN_STYLE = Automatic;
				CURRENT_PROJECT_VERSION = 1;
				GENERATE_INFOPLIST_FILE = YES;
				IPHONEOS_DEPLOYMENT_TARGET = 16.4;
				MARKETING_VERSION = 1.0;
				PRODUCT_BUNDLE_IDENTIFIER = com.jenniferdiaz.SwiftUIBetaTests;
				PRODUCT_NAME = "$(TARGET_NAME)";
				SWIFT_EMIT_LOC_STRINGS = NO;
				SWIFT_VERSION = 5.0;
				TARGETED_DEVICE_FAMILY = "1,2";
				TEST_HOST = "$(BUILT_PRODUCTS_DIR)/SwiftUIBeta.app/$(BUNDLE_EXECUTABLE_FOLDER_PATH)/SwiftUIBeta";
			};
			name = Debug;
		};
		B62E60C62A82F93900B3D2EB /* Release */ = {
			isa = XCBuildConfiguration;
			buildSettings = {
				ALWAYS_EMBED_SWIFT_STANDARD_LIBRARIES = YES;
				BUNDLE_LOADER = "$(TEST_HOST)";
				CODE_SIGN_STYLE = Automatic;
				CURRENT_PROJECT_VERSION = 1;
				GENERATE_INFOPLIST_FILE = YES;
				IPHONEOS_DEPLOYMENT_TARGET = 16.4;
				MARKETING_VERSION = 1.0;
				PRODUCT_BUNDLE_IDENTIFIER = com.jenniferdiaz.SwiftUIBetaTests;
				PRODUCT_NAME = "$(TARGET_NAME)";
				SWIFT_EMIT_LOC_STRINGS = NO;
				SWIFT_VERSION = 5.0;
				TARGETED_DEVICE_FAMILY = "1,2";
				TEST_HOST = "$(BUILT_PRODUCTS_DIR)/SwiftUIBeta.app/$(BUNDLE_EXECUTABLE_FOLDER_PATH)/SwiftUIBeta";
			};
			name = Release;
		};
		B62E60C82A82F93900B3D2EB /* Debug */ = {
			isa = XCBuildConfiguration;
			buildSettings = {
				ALWAYS_EMBED_SWIFT_STANDARD_LIBRARIES = YES;
				CODE_SIGN_STYLE = Automatic;
				CURRENT_PROJECT_VERSION = 1;
				GENERATE_INFOPLIST_FILE = YES;
				MARKETING_VERSION = 1.0;
				PRODUCT_BUNDLE_IDENTIFIER = com.jenniferdiaz.SwiftUIBetaUITests;
				PRODUCT_NAME = "$(TARGET_NAME)";
				SWIFT_EMIT_LOC_STRINGS = NO;
				SWIFT_VERSION = 5.0;
				TARGETED_DEVICE_FAMILY = "1,2";
				TEST_TARGET_NAME = SwiftUIBeta;
			};
			name = Debug;
		};
		B62E60C92A82F93900B3D2EB /* Release */ = {
			isa = XCBuildConfiguration;
			buildSettings = {
				ALWAYS_EMBED_SWIFT_STANDARD_LIBRARIES = YES;
				CODE_SIGN_STYLE = Automatic;
				CURRENT_PROJECT_VERSION = 1;
				GENERATE_INFOPLIST_FILE = YES;
				MARKETING_VERSION = 1.0;
				PRODUCT_BUNDLE_IDENTIFIER = com.jenniferdiaz.SwiftUIBetaUITests;
				PRODUCT_NAME = "$(TARGET_NAME)";
				SWIFT_EMIT_LOC_STRINGS = NO;
				SWIFT_VERSION = 5.0;
				TARGETED_DEVICE_FAMILY = "1,2";
				TEST_TARGET_NAME = SwiftUIBeta;
			};
			name = Release;
		};
/* End XCBuildConfiguration section */

/* Begin XCConfigurationList section */
		B62E60982A82F93800B3D2EB /* Build configuration list for PBXProject "SwiftUIBeta" */ = {
			isa = XCConfigurationList;
			buildConfigurations = (
				B62E60BF2A82F93900B3D2EB /* Debug */,
				B62E60C02A82F93900B3D2EB /* Release */,
			);
			defaultConfigurationIsVisible = 0;
			defaultConfigurationName = Release;
		};
		B62E60C12A82F93900B3D2EB /* Build configuration list for PBXNativeTarget "SwiftUIBeta" */ = {
			isa = XCConfigurationList;
			buildConfigurations = (
				B62E60C22A82F93900B3D2EB /* Debug */,
				B62E60C32A82F93900B3D2EB /* Release */,
			);
			defaultConfigurationIsVisible = 0;
			defaultConfigurationName = Release;
		};
		B62E60C42A82F93900B3D2EB /* Build configuration list for PBXNativeTarget "SwiftUIBetaTests" */ = {
			isa = XCConfigurationList;
			buildConfigurations = (
				B62E60C52A82F93900B3D2EB /* Debug */,
				B62E60C62A82F93900B3D2EB /* Release */,
			);
			defaultConfigurationIsVisible = 0;
			defaultConfigurationName = Release;
		};
		B62E60C72A82F93900B3D2EB /* Build configuration list for PBXNativeTarget "SwiftUIBetaUITests" */ = {
			isa = XCConfigurationList;
			buildConfigurations = (
				B62E60C82A82F93900B3D2EB /* Debug */,
				B62E60C92A82F93900B3D2EB /* Release */,
			);
			defaultConfigurationIsVisible = 0;
			defaultConfigurationName = Release;
		};
/* End XCConfigurationList section */
	};
	rootObject = B62E60952A82F93800B3D2EB /* Project object */;
}
